// !$*UTF8*$!
{
	archiveVersion = 1;
	classes = {
	};
	objectVersion = 55;
	objects = {

/* Begin PBXBuildFile section */
		D32BC2D3283B7C1B009F510B /* Navigator.swift in Sources */ = {isa = PBXBuildFile; fileRef = D32BC2D2283B7C1B009F510B /* Navigator.swift */; };
		D32BC2D7283B7C2C009F510B /* Assets.xcassets in Resources */ = {isa = PBXBuildFile; fileRef = D32BC2D5283B7C2C009F510B /* Assets.xcassets */; };
		D32BC2D8283B7C2C009F510B /* FontGenerator.swift in Sources */ = {isa = PBXBuildFile; fileRef = D32BC2D6283B7C2C009F510B /* FontGenerator.swift */; };
		D37294ED283AB37300D1F663 /* StorageService.swift in Sources */ = {isa = PBXBuildFile; fileRef = D37294EA283AB37300D1F663 /* StorageService.swift */; };
		D37294EE283AB37300D1F663 /* RemoteService.swift in Sources */ = {isa = PBXBuildFile; fileRef = D37294EB283AB37300D1F663 /* RemoteService.swift */; };
		D37294EF283AB37300D1F663 /* InternetMonitor.swift in Sources */ = {isa = PBXBuildFile; fileRef = D37294EC283AB37300D1F663 /* InternetMonitor.swift */; };
		D37294F6283AB37900D1F663 /* ListHeaderView.swift in Sources */ = {isa = PBXBuildFile; fileRef = D37294F2283AB37900D1F663 /* ListHeaderView.swift */; };
		D37294F7283AB37900D1F663 /* ListNewItemCell.swift in Sources */ = {isa = PBXBuildFile; fileRef = D37294F4283AB37900D1F663 /* ListNewItemCell.swift */; };
		D37294F8283AB37900D1F663 /* ListItemCell.swift in Sources */ = {isa = PBXBuildFile; fileRef = D37294F5283AB37900D1F663 /* ListItemCell.swift */; };
		D37294FB283AB38200D1F663 /* ViewControllerExtensions.swift in Sources */ = {isa = PBXBuildFile; fileRef = D37294FA283AB38100D1F663 /* ViewControllerExtensions.swift */; };
		D3729505283AB41000D1F663 /* ListItemDetailViewLogic.swift in Sources */ = {isa = PBXBuildFile; fileRef = D3729501283AB41000D1F663 /* ListItemDetailViewLogic.swift */; };
		D3729506283AB41000D1F663 /* ListTaskViewController.swift in Sources */ = {isa = PBXBuildFile; fileRef = D3729502283AB41000D1F663 /* ListTaskViewController.swift */; };
		D3729507283AB41000D1F663 /* ListItemDetailViewController.swift in Sources */ = {isa = PBXBuildFile; fileRef = D3729503283AB41000D1F663 /* ListItemDetailViewController.swift */; };
		D3729508283AB41000D1F663 /* ListTaskControllerLogic.swift in Sources */ = {isa = PBXBuildFile; fileRef = D3729504283AB41000D1F663 /* ListTaskControllerLogic.swift */; };
		D372950C283AB78300D1F663 /* Realm in Frameworks */ = {isa = PBXBuildFile; productRef = D372950B283AB78300D1F663 /* Realm */; };
		D372950E283AB78300D1F663 /* RealmSwift in Frameworks */ = {isa = PBXBuildFile; productRef = D372950D283AB78300D1F663 /* RealmSwift */; };
		D3729511283AB8AA00D1F663 /* FirebaseDatabase in Frameworks */ = {isa = PBXBuildFile; productRef = D3729510283AB8AA00D1F663 /* FirebaseDatabase */; };
		D3729513283AB8AA00D1F663 /* FirebaseDatabaseSwift in Frameworks */ = {isa = PBXBuildFile; productRef = D3729512283AB8AA00D1F663 /* FirebaseDatabaseSwift */; };
		D3729515283AB8AA00D1F663 /* FirebaseFirestore in Frameworks */ = {isa = PBXBuildFile; productRef = D3729514283AB8AA00D1F663 /* FirebaseFirestore */; };
		D3729517283AB8AA00D1F663 /* FirebaseFirestoreCombine-Community in Frameworks */ = {isa = PBXBuildFile; productRef = D3729516283AB8AA00D1F663 /* FirebaseFirestoreCombine-Community */; };
		D3729519283AB8AA00D1F663 /* FirebaseFirestoreSwift in Frameworks */ = {isa = PBXBuildFile; productRef = D3729518283AB8AA00D1F663 /* FirebaseFirestoreSwift */; };
		D372951B283AB8AA00D1F663 /* FirebaseRemoteConfig in Frameworks */ = {isa = PBXBuildFile; productRef = D372951A283AB8AA00D1F663 /* FirebaseRemoteConfig */; };
		D372951D283AB8AA00D1F663 /* FirebaseRemoteConfigSwift in Frameworks */ = {isa = PBXBuildFile; productRef = D372951C283AB8AA00D1F663 /* FirebaseRemoteConfigSwift */; };
		D3729522283ABBEF00D1F663 /* GoogleService-Info.plist in Resources */ = {isa = PBXBuildFile; fileRef = D3729521283ABBEF00D1F663 /* GoogleService-Info.plist */; };
		D3729524283ABE1000D1F663 /* Main.storyboard in Resources */ = {isa = PBXBuildFile; fileRef = D3729523283ABE1000D1F663 /* Main.storyboard */; };
		D3729528283AC07C00D1F663 /* TodoFirebaseTest.swift in Sources */ = {isa = PBXBuildFile; fileRef = D3729526283AC07B00D1F663 /* TodoFirebaseTest.swift */; };
		D3729529283AC07C00D1F663 /* TodoRealmTest.swift in Sources */ = {isa = PBXBuildFile; fileRef = D3729527283AC07B00D1F663 /* TodoRealmTest.swift */; };
		D3729534283AC47C00D1F663 /* ListItem.swift in Sources */ = {isa = PBXBuildFile; fileRef = D3729532283AC47C00D1F663 /* ListItem.swift */; };
		D3729535283AC47C00D1F663 /* ListItemPriority.swift in Sources */ = {isa = PBXBuildFile; fileRef = D3729533283AC47C00D1F663 /* ListItemPriority.swift */; };
		D3AEB59127FF64710007ED6A /* AppDelegate.swift in Sources */ = {isa = PBXBuildFile; fileRef = D3AEB59027FF64710007ED6A /* AppDelegate.swift */; };
		D3AEB59327FF64710007ED6A /* SceneDelegate.swift in Sources */ = {isa = PBXBuildFile; fileRef = D3AEB59227FF64710007ED6A /* SceneDelegate.swift */; };
		D3AEB59D27FF64750007ED6A /* LaunchScreen.storyboard in Resources */ = {isa = PBXBuildFile; fileRef = D3AEB59B27FF64750007ED6A /* LaunchScreen.storyboard */; };
		D3AEB5B227FF64750007ED6A /* ToDoAppUITests.swift in Sources */ = {isa = PBXBuildFile; fileRef = D3AEB5B127FF64750007ED6A /* ToDoAppUITests.swift */; };
		D3AEB5B427FF64750007ED6A /* ToDoAppUITestsLaunchTests.swift in Sources */ = {isa = PBXBuildFile; fileRef = D3AEB5B327FF64750007ED6A /* ToDoAppUITestsLaunchTests.swift */; };
/* End PBXBuildFile section */

/* Begin PBXContainerItemProxy section */
		D3AEB5A427FF64750007ED6A /* PBXContainerItemProxy */ = {
			isa = PBXContainerItemProxy;
			containerPortal = D3AEB58527FF64710007ED6A /* Project object */;
			proxyType = 1;
			remoteGlobalIDString = D3AEB58C27FF64710007ED6A;
			remoteInfo = ToDoApp;
		};
		D3AEB5AE27FF64750007ED6A /* PBXContainerItemProxy */ = {
			isa = PBXContainerItemProxy;
			containerPortal = D3AEB58527FF64710007ED6A /* Project object */;
			proxyType = 1;
			remoteGlobalIDString = D3AEB58C27FF64710007ED6A;
			remoteInfo = ToDoApp;
		};
/* End PBXContainerItemProxy section */

/* Begin PBXFileReference section */
		D32BC2D2283B7C1B009F510B /* Navigator.swift */ = {isa = PBXFileReference; fileEncoding = 4; lastKnownFileType = sourcecode.swift; path = Navigator.swift; sourceTree = "<group>"; };
		D32BC2D5283B7C2C009F510B /* Assets.xcassets */ = {isa = PBXFileReference; lastKnownFileType = folder.assetcatalog; path = Assets.xcassets; sourceTree = "<group>"; };
		D32BC2D6283B7C2C009F510B /* FontGenerator.swift */ = {isa = PBXFileReference; fileEncoding = 4; lastKnownFileType = sourcecode.swift; path = FontGenerator.swift; sourceTree = "<group>"; };
		D37294EA283AB37300D1F663 /* StorageService.swift */ = {isa = PBXFileReference; fileEncoding = 4; lastKnownFileType = sourcecode.swift; path = StorageService.swift; sourceTree = "<group>"; };
		D37294EB283AB37300D1F663 /* RemoteService.swift */ = {isa = PBXFileReference; fileEncoding = 4; lastKnownFileType = sourcecode.swift; path = RemoteService.swift; sourceTree = "<group>"; };
		D37294EC283AB37300D1F663 /* InternetMonitor.swift */ = {isa = PBXFileReference; fileEncoding = 4; lastKnownFileType = sourcecode.swift; path = InternetMonitor.swift; sourceTree = "<group>"; };
		D37294F2283AB37900D1F663 /* ListHeaderView.swift */ = {isa = PBXFileReference; fileEncoding = 4; lastKnownFileType = sourcecode.swift; path = ListHeaderView.swift; sourceTree = "<group>"; };
		D37294F4283AB37900D1F663 /* ListNewItemCell.swift */ = {isa = PBXFileReference; fileEncoding = 4; lastKnownFileType = sourcecode.swift; path = ListNewItemCell.swift; sourceTree = "<group>"; };
		D37294F5283AB37900D1F663 /* ListItemCell.swift */ = {isa = PBXFileReference; fileEncoding = 4; lastKnownFileType = sourcecode.swift; path = ListItemCell.swift; sourceTree = "<group>"; };
		D37294FA283AB38100D1F663 /* ViewControllerExtensions.swift */ = {isa = PBXFileReference; fileEncoding = 4; lastKnownFileType = sourcecode.swift; path = ViewControllerExtensions.swift; sourceTree = "<group>"; };
		D3729501283AB41000D1F663 /* ListItemDetailViewLogic.swift */ = {isa = PBXFileReference; fileEncoding = 4; lastKnownFileType = sourcecode.swift; path = ListItemDetailViewLogic.swift; sourceTree = "<group>"; };
		D3729502283AB41000D1F663 /* ListTaskViewController.swift */ = {isa = PBXFileReference; fileEncoding = 4; lastKnownFileType = sourcecode.swift; path = ListTaskViewController.swift; sourceTree = "<group>"; };
		D3729503283AB41000D1F663 /* ListItemDetailViewController.swift */ = {isa = PBXFileReference; fileEncoding = 4; lastKnownFileType = sourcecode.swift; path = ListItemDetailViewController.swift; sourceTree = "<group>"; };
		D3729504283AB41000D1F663 /* ListTaskControllerLogic.swift */ = {isa = PBXFileReference; fileEncoding = 4; lastKnownFileType = sourcecode.swift; path = ListTaskControllerLogic.swift; sourceTree = "<group>"; };
		D3729521283ABBEF00D1F663 /* GoogleService-Info.plist */ = {isa = PBXFileReference; fileEncoding = 4; lastKnownFileType = text.plist.xml; path = "GoogleService-Info.plist"; sourceTree = "<group>"; };
		D3729523283ABE1000D1F663 /* Main.storyboard */ = {isa = PBXFileReference; fileEncoding = 4; lastKnownFileType = file.storyboard; path = Main.storyboard; sourceTree = "<group>"; };
		D3729525283AC07A00D1F663 /* ToDoAppTests-Bridging-Header.h */ = {isa = PBXFileReference; lastKnownFileType = sourcecode.c.h; path = "ToDoAppTests-Bridging-Header.h"; sourceTree = "<group>"; };
		D3729526283AC07B00D1F663 /* TodoFirebaseTest.swift */ = {isa = PBXFileReference; fileEncoding = 4; lastKnownFileType = sourcecode.swift; path = TodoFirebaseTest.swift; sourceTree = "<group>"; };
		D3729527283AC07B00D1F663 /* TodoRealmTest.swift */ = {isa = PBXFileReference; fileEncoding = 4; lastKnownFileType = sourcecode.swift; path = TodoRealmTest.swift; sourceTree = "<group>"; };
		D3729532283AC47C00D1F663 /* ListItem.swift */ = {isa = PBXFileReference; fileEncoding = 4; lastKnownFileType = sourcecode.swift; path = ListItem.swift; sourceTree = "<group>"; };
		D3729533283AC47C00D1F663 /* ListItemPriority.swift */ = {isa = PBXFileReference; fileEncoding = 4; lastKnownFileType = sourcecode.swift; path = ListItemPriority.swift; sourceTree = "<group>"; };
		D3AEB58D27FF64710007ED6A /* ToDoApp.app */ = {isa = PBXFileReference; explicitFileType = wrapper.application; includeInIndex = 0; path = ToDoApp.app; sourceTree = BUILT_PRODUCTS_DIR; };
		D3AEB59027FF64710007ED6A /* AppDelegate.swift */ = {isa = PBXFileReference; lastKnownFileType = sourcecode.swift; path = AppDelegate.swift; sourceTree = "<group>"; };
		D3AEB59227FF64710007ED6A /* SceneDelegate.swift */ = {isa = PBXFileReference; lastKnownFileType = sourcecode.swift; path = SceneDelegate.swift; sourceTree = "<group>"; };
		D3AEB59C27FF64750007ED6A /* Base */ = {isa = PBXFileReference; lastKnownFileType = file.storyboard; name = Base; path = Base.lproj/LaunchScreen.storyboard; sourceTree = "<group>"; };
		D3AEB59E27FF64750007ED6A /* Info.plist */ = {isa = PBXFileReference; lastKnownFileType = text.plist.xml; path = Info.plist; sourceTree = "<group>"; };
		D3AEB5A327FF64750007ED6A /* ToDoAppTests.xctest */ = {isa = PBXFileReference; explicitFileType = wrapper.cfbundle; includeInIndex = 0; path = ToDoAppTests.xctest; sourceTree = BUILT_PRODUCTS_DIR; };
		D3AEB5AD27FF64750007ED6A /* ToDoAppUITests.xctest */ = {isa = PBXFileReference; explicitFileType = wrapper.cfbundle; includeInIndex = 0; path = ToDoAppUITests.xctest; sourceTree = BUILT_PRODUCTS_DIR; };
		D3AEB5B127FF64750007ED6A /* ToDoAppUITests.swift */ = {isa = PBXFileReference; lastKnownFileType = sourcecode.swift; path = ToDoAppUITests.swift; sourceTree = "<group>"; };
		D3AEB5B327FF64750007ED6A /* ToDoAppUITestsLaunchTests.swift */ = {isa = PBXFileReference; lastKnownFileType = sourcecode.swift; path = ToDoAppUITestsLaunchTests.swift; sourceTree = "<group>"; };
/* End PBXFileReference section */

/* Begin PBXFrameworksBuildPhase section */
		D3AEB58A27FF64710007ED6A /* Frameworks */ = {
			isa = PBXFrameworksBuildPhase;
			buildActionMask = 2147483647;
			files = (
				D3729513283AB8AA00D1F663 /* FirebaseDatabaseSwift in Frameworks */,
				D3729511283AB8AA00D1F663 /* FirebaseDatabase in Frameworks */,
				D372950E283AB78300D1F663 /* RealmSwift in Frameworks */,
				D372951D283AB8AA00D1F663 /* FirebaseRemoteConfigSwift in Frameworks */,
				D3729519283AB8AA00D1F663 /* FirebaseFirestoreSwift in Frameworks */,
				D3729517283AB8AA00D1F663 /* FirebaseFirestoreCombine-Community in Frameworks */,
				D3729515283AB8AA00D1F663 /* FirebaseFirestore in Frameworks */,
				D372950C283AB78300D1F663 /* Realm in Frameworks */,
				D372951B283AB8AA00D1F663 /* FirebaseRemoteConfig in Frameworks */,
			);
			runOnlyForDeploymentPostprocessing = 0;
		};
		D3AEB5A027FF64750007ED6A /* Frameworks */ = {
			isa = PBXFrameworksBuildPhase;
			buildActionMask = 2147483647;
			files = (
			);
			runOnlyForDeploymentPostprocessing = 0;
		};
		D3AEB5AA27FF64750007ED6A /* Frameworks */ = {
			isa = PBXFrameworksBuildPhase;
			buildActionMask = 2147483647;
			files = (
			);
			runOnlyForDeploymentPostprocessing = 0;
		};
/* End PBXFrameworksBuildPhase section */

/* Begin PBXGroup section */
		D32BC2D4283B7C2C009F510B /* Resouces */ = {
			isa = PBXGroup;
			children = (
				D32BC2D5283B7C2C009F510B /* Assets.xcassets */,
				D32BC2D6283B7C2C009F510B /* FontGenerator.swift */,
			);
			path = Resouces;
			sourceTree = "<group>";
		};
		D37294E9283AB37300D1F663 /* DB */ = {
			isa = PBXGroup;
			children = (
				D37294EA283AB37300D1F663 /* StorageService.swift */,
				D37294EB283AB37300D1F663 /* RemoteService.swift */,
				D37294EC283AB37300D1F663 /* InternetMonitor.swift */,
			);
			path = DB;
			sourceTree = "<group>";
		};
		D37294F0283AB37900D1F663 /* Components */ = {
			isa = PBXGroup;
			children = (
				D37294F1283AB37900D1F663 /* ListHeader */,
				D37294F3283AB37900D1F663 /* ListItemComponent */,
			);
			path = Components;
			sourceTree = "<group>";
		};
		D37294F1283AB37900D1F663 /* ListHeader */ = {
			isa = PBXGroup;
			children = (
				D37294F2283AB37900D1F663 /* ListHeaderView.swift */,
			);
			path = ListHeader;
			sourceTree = "<group>";
		};
		D37294F3283AB37900D1F663 /* ListItemComponent */ = {
			isa = PBXGroup;
			children = (
				D37294F4283AB37900D1F663 /* ListNewItemCell.swift */,
				D37294F5283AB37900D1F663 /* ListItemCell.swift */,
			);
			path = ListItemComponent;
			sourceTree = "<group>";
		};
		D37294F9283AB38100D1F663 /* Extensions */ = {
			isa = PBXGroup;
			children = (
				D37294FA283AB38100D1F663 /* ViewControllerExtensions.swift */,
			);
			path = Extensions;
			sourceTree = "<group>";
		};
		D3729531283AC47C00D1F663 /* Models */ = {
			isa = PBXGroup;
			children = (
				D3729532283AC47C00D1F663 /* ListItem.swift */,
				D3729533283AC47C00D1F663 /* ListItemPriority.swift */,
			);
			name = Models;
			path = DB/Models;
			sourceTree = "<group>";
		};
		D3AEB58427FF64710007ED6A = {
			isa = PBXGroup;
			children = (
				D3AEB58F27FF64710007ED6A /* ToDoApp */,
				D3AEB5A627FF64750007ED6A /* ToDoAppTests */,
				D3AEB5B027FF64750007ED6A /* ToDoAppUITests */,
				D3AEB58E27FF64710007ED6A /* Products */,
			);
			sourceTree = "<group>";
		};
		D3AEB58E27FF64710007ED6A /* Products */ = {
			isa = PBXGroup;
			children = (
				D3AEB58D27FF64710007ED6A /* ToDoApp.app */,
				D3AEB5A327FF64750007ED6A /* ToDoAppTests.xctest */,
				D3AEB5AD27FF64750007ED6A /* ToDoAppUITests.xctest */,
			);
			name = Products;
			sourceTree = "<group>";
		};
		D3AEB58F27FF64710007ED6A /* ToDoApp */ = {
			isa = PBXGroup;
			children = (
				D3729523283ABE1000D1F663 /* Main.storyboard */,
				D32BC2D2283B7C1B009F510B /* Navigator.swift */,
				D3729503283AB41000D1F663 /* ListItemDetailViewController.swift */,
				D3729501283AB41000D1F663 /* ListItemDetailViewLogic.swift */,
				D3729504283AB41000D1F663 /* ListTaskControllerLogic.swift */,
				D3729502283AB41000D1F663 /* ListTaskViewController.swift */,
				D3729521283ABBEF00D1F663 /* GoogleService-Info.plist */,
				D32BC2D4283B7C2C009F510B /* Resouces */,
				D3729531283AC47C00D1F663 /* Models */,
				D37294F9283AB38100D1F663 /* Extensions */,
				D37294F0283AB37900D1F663 /* Components */,
				D37294E9283AB37300D1F663 /* DB */,
				D3AEB59027FF64710007ED6A /* AppDelegate.swift */,
				D3AEB59227FF64710007ED6A /* SceneDelegate.swift */,
				D3AEB59B27FF64750007ED6A /* LaunchScreen.storyboard */,
				D3AEB59E27FF64750007ED6A /* Info.plist */,
			);
			path = ToDoApp;
			sourceTree = "<group>";
		};
		D3AEB5A627FF64750007ED6A /* ToDoAppTests */ = {
			isa = PBXGroup;
			children = (
				D3729526283AC07B00D1F663 /* TodoFirebaseTest.swift */,
				D3729527283AC07B00D1F663 /* TodoRealmTest.swift */,
				D3729525283AC07A00D1F663 /* ToDoAppTests-Bridging-Header.h */,
			);
			path = ToDoAppTests;
			sourceTree = "<group>";
		};
		D3AEB5B027FF64750007ED6A /* ToDoAppUITests */ = {
			isa = PBXGroup;
			children = (
				D3AEB5B127FF64750007ED6A /* ToDoAppUITests.swift */,
				D3AEB5B327FF64750007ED6A /* ToDoAppUITestsLaunchTests.swift */,
			);
			path = ToDoAppUITests;
			sourceTree = "<group>";
		};
/* End PBXGroup section */

/* Begin PBXNativeTarget section */
		D3AEB58C27FF64710007ED6A /* ToDoApp */ = {
			isa = PBXNativeTarget;
			buildConfigurationList = D3AEB5B727FF64750007ED6A /* Build configuration list for PBXNativeTarget "ToDoApp" */;
			buildPhases = (
				D3AEB58927FF64710007ED6A /* Sources */,
				D3AEB58A27FF64710007ED6A /* Frameworks */,
				D3AEB58B27FF64710007ED6A /* Resources */,
			);
			buildRules = (
			);
			dependencies = (
			);
			name = ToDoApp;
			packageProductDependencies = (
				D372950B283AB78300D1F663 /* Realm */,
				D372950D283AB78300D1F663 /* RealmSwift */,
				D3729510283AB8AA00D1F663 /* FirebaseDatabase */,
				D3729512283AB8AA00D1F663 /* FirebaseDatabaseSwift */,
				D3729514283AB8AA00D1F663 /* FirebaseFirestore */,
				D3729516283AB8AA00D1F663 /* FirebaseFirestoreCombine-Community */,
				D3729518283AB8AA00D1F663 /* FirebaseFirestoreSwift */,
				D372951A283AB8AA00D1F663 /* FirebaseRemoteConfig */,
				D372951C283AB8AA00D1F663 /* FirebaseRemoteConfigSwift */,
			);
			productName = ToDoApp;
			productReference = D3AEB58D27FF64710007ED6A /* ToDoApp.app */;
			productType = "com.apple.product-type.application";
		};
		D3AEB5A227FF64750007ED6A /* ToDoAppTests */ = {
			isa = PBXNativeTarget;
			buildConfigurationList = D3AEB5BA27FF64750007ED6A /* Build configuration list for PBXNativeTarget "ToDoAppTests" */;
			buildPhases = (
				D3AEB59F27FF64750007ED6A /* Sources */,
				D3AEB5A027FF64750007ED6A /* Frameworks */,
				D3AEB5A127FF64750007ED6A /* Resources */,
			);
			buildRules = (
			);
			dependencies = (
				D3AEB5A527FF64750007ED6A /* PBXTargetDependency */,
			);
			name = ToDoAppTests;
			productName = ToDoAppTests;
			productReference = D3AEB5A327FF64750007ED6A /* ToDoAppTests.xctest */;
			productType = "com.apple.product-type.bundle.unit-test";
		};
		D3AEB5AC27FF64750007ED6A /* ToDoAppUITests */ = {
			isa = PBXNativeTarget;
			buildConfigurationList = D3AEB5BD27FF64750007ED6A /* Build configuration list for PBXNativeTarget "ToDoAppUITests" */;
			buildPhases = (
				D3AEB5A927FF64750007ED6A /* Sources */,
				D3AEB5AA27FF64750007ED6A /* Frameworks */,
				D3AEB5AB27FF64750007ED6A /* Resources */,
			);
			buildRules = (
			);
			dependencies = (
				D3AEB5AF27FF64750007ED6A /* PBXTargetDependency */,
			);
			name = ToDoAppUITests;
			productName = ToDoAppUITests;
			productReference = D3AEB5AD27FF64750007ED6A /* ToDoAppUITests.xctest */;
			productType = "com.apple.product-type.bundle.ui-testing";
		};
/* End PBXNativeTarget section */

/* Begin PBXProject section */
		D3AEB58527FF64710007ED6A /* Project object */ = {
			isa = PBXProject;
			attributes = {
				BuildIndependentTargetsInParallel = 1;
				LastSwiftUpdateCheck = 1320;
				LastUpgradeCheck = 1320;
				TargetAttributes = {
					D3AEB58C27FF64710007ED6A = {
						CreatedOnToolsVersion = 13.2.1;
					};
					D3AEB5A227FF64750007ED6A = {
						CreatedOnToolsVersion = 13.2.1;
						LastSwiftMigration = 1320;
						TestTargetID = D3AEB58C27FF64710007ED6A;
					};
					D3AEB5AC27FF64750007ED6A = {
						CreatedOnToolsVersion = 13.2.1;
						TestTargetID = D3AEB58C27FF64710007ED6A;
					};
				};
			};
			buildConfigurationList = D3AEB58827FF64710007ED6A /* Build configuration list for PBXProject "ToDoApp" */;
			compatibilityVersion = "Xcode 13.0";
			developmentRegion = en;
			hasScannedForEncodings = 0;
			knownRegions = (
				en,
				Base,
			);
			mainGroup = D3AEB58427FF64710007ED6A;
			packageReferences = (
				D372950A283AB78300D1F663 /* XCRemoteSwiftPackageReference "realm-swift" */,
				D372950F283AB8A900D1F663 /* XCRemoteSwiftPackageReference "firebase-ios-sdk" */,
			);
			productRefGroup = D3AEB58E27FF64710007ED6A /* Products */;
			projectDirPath = "";
			projectRoot = "";
			targets = (
				D3AEB58C27FF64710007ED6A /* ToDoApp */,
				D3AEB5A227FF64750007ED6A /* ToDoAppTests */,
				D3AEB5AC27FF64750007ED6A /* ToDoAppUITests */,
			);
		};
/* End PBXProject section */

/* Begin PBXResourcesBuildPhase section */
		D3AEB58B27FF64710007ED6A /* Resources */ = {
			isa = PBXResourcesBuildPhase;
			buildActionMask = 2147483647;
			files = (
				D3AEB59D27FF64750007ED6A /* LaunchScreen.storyboard in Resources */,
				D3729522283ABBEF00D1F663 /* GoogleService-Info.plist in Resources */,
				D32BC2D7283B7C2C009F510B /* Assets.xcassets in Resources */,
				D3729524283ABE1000D1F663 /* Main.storyboard in Resources */,
			);
			runOnlyForDeploymentPostprocessing = 0;
		};
		D3AEB5A127FF64750007ED6A /* Resources */ = {
			isa = PBXResourcesBuildPhase;
			buildActionMask = 2147483647;
			files = (
			);
			runOnlyForDeploymentPostprocessing = 0;
		};
		D3AEB5AB27FF64750007ED6A /* Resources */ = {
			isa = PBXResourcesBuildPhase;
			buildActionMask = 2147483647;
			files = (
			);
			runOnlyForDeploymentPostprocessing = 0;
		};
/* End PBXResourcesBuildPhase section */

/* Begin PBXSourcesBuildPhase section */
		D3AEB58927FF64710007ED6A /* Sources */ = {
			isa = PBXSourcesBuildPhase;
			buildActionMask = 2147483647;
			files = (
				D37294FB283AB38200D1F663 /* ViewControllerExtensions.swift in Sources */,
				D32BC2D8283B7C2C009F510B /* FontGenerator.swift in Sources */,
				D32BC2D3283B7C1B009F510B /* Navigator.swift in Sources */,
				D3729535283AC47C00D1F663 /* ListItemPriority.swift in Sources */,
				D3729506283AB41000D1F663 /* ListTaskViewController.swift in Sources */,
				D3729534283AC47C00D1F663 /* ListItem.swift in Sources */,
				D37294ED283AB37300D1F663 /* StorageService.swift in Sources */,
				D37294EE283AB37300D1F663 /* RemoteService.swift in Sources */,
				D37294EF283AB37300D1F663 /* InternetMonitor.swift in Sources */,
				D37294F8283AB37900D1F663 /* ListItemCell.swift in Sources */,
				D3AEB59127FF64710007ED6A /* AppDelegate.swift in Sources */,
				D3729507283AB41000D1F663 /* ListItemDetailViewController.swift in Sources */,
				D3729508283AB41000D1F663 /* ListTaskControllerLogic.swift in Sources */,
				D37294F7283AB37900D1F663 /* ListNewItemCell.swift in Sources */,
				D3729505283AB41000D1F663 /* ListItemDetailViewLogic.swift in Sources */,
				D3AEB59327FF64710007ED6A /* SceneDelegate.swift in Sources */,
				D37294F6283AB37900D1F663 /* ListHeaderView.swift in Sources */,
			);
			runOnlyForDeploymentPostprocessing = 0;
		};
		D3AEB59F27FF64750007ED6A /* Sources */ = {
			isa = PBXSourcesBuildPhase;
			buildActionMask = 2147483647;
			files = (
				D3729528283AC07C00D1F663 /* TodoFirebaseTest.swift in Sources */,
				D3729529283AC07C00D1F663 /* TodoRealmTest.swift in Sources */,
			);
			runOnlyForDeploymentPostprocessing = 0;
		};
		D3AEB5A927FF64750007ED6A /* Sources */ = {
			isa = PBXSourcesBuildPhase;
			buildActionMask = 2147483647;
			files = (
				D3AEB5B427FF64750007ED6A /* ToDoAppUITestsLaunchTests.swift in Sources */,
				D3AEB5B227FF64750007ED6A /* ToDoAppUITests.swift in Sources */,
			);
			runOnlyForDeploymentPostprocessing = 0;
		};
/* End PBXSourcesBuildPhase section */

/* Begin PBXTargetDependency section */
		D3AEB5A527FF64750007ED6A /* PBXTargetDependency */ = {
			isa = PBXTargetDependency;
			target = D3AEB58C27FF64710007ED6A /* ToDoApp */;
			targetProxy = D3AEB5A427FF64750007ED6A /* PBXContainerItemProxy */;
		};
		D3AEB5AF27FF64750007ED6A /* PBXTargetDependency */ = {
			isa = PBXTargetDependency;
			target = D3AEB58C27FF64710007ED6A /* ToDoApp */;
			targetProxy = D3AEB5AE27FF64750007ED6A /* PBXContainerItemProxy */;
		};
/* End PBXTargetDependency section */

/* Begin PBXVariantGroup section */
		D3AEB59B27FF64750007ED6A /* LaunchScreen.storyboard */ = {
			isa = PBXVariantGroup;
			children = (
				D3AEB59C27FF64750007ED6A /* Base */,
			);
			name = LaunchScreen.storyboard;
			sourceTree = "<group>";
		};
/* End PBXVariantGroup section */

/* Begin XCBuildConfiguration section */
		D3AEB5B527FF64750007ED6A /* Debug */ = {
			isa = XCBuildConfiguration;
			buildSettings = {
				ALWAYS_SEARCH_USER_PATHS = NO;
				CLANG_ANALYZER_NONNULL = YES;
				CLANG_ANALYZER_NUMBER_OBJECT_CONVERSION = YES_AGGRESSIVE;
				CLANG_CXX_LANGUAGE_STANDARD = "gnu++17";
				CLANG_CXX_LIBRARY = "libc++";
				CLANG_ENABLE_MODULES = YES;
				CLANG_ENABLE_OBJC_ARC = YES;
				CLANG_ENABLE_OBJC_WEAK = YES;
				CLANG_WARN_BLOCK_CAPTURE_AUTORELEASING = YES;
				CLANG_WARN_BOOL_CONVERSION = YES;
				CLANG_WARN_COMMA = YES;
				CLANG_WARN_CONSTANT_CONVERSION = YES;
				CLANG_WARN_DEPRECATED_OBJC_IMPLEMENTATIONS = YES;
				CLANG_WARN_DIRECT_OBJC_ISA_USAGE = YES_ERROR;
				CLANG_WARN_DOCUMENTATION_COMMENTS = YES;
				CLANG_WARN_EMPTY_BODY = YES;
				CLANG_WARN_ENUM_CONVERSION = YES;
				CLANG_WARN_INFINITE_RECURSION = YES;
				CLANG_WARN_INT_CONVERSION = YES;
				CLANG_WARN_NON_LITERAL_NULL_CONVERSION = YES;
				CLANG_WARN_OBJC_IMPLICIT_RETAIN_SELF = YES;
				CLANG_WARN_OBJC_LITERAL_CONVERSION = YES;
				CLANG_WARN_OBJC_ROOT_CLASS = YES_ERROR;
				CLANG_WARN_QUOTED_INCLUDE_IN_FRAMEWORK_HEADER = YES;
				CLANG_WARN_RANGE_LOOP_ANALYSIS = YES;
				CLANG_WARN_STRICT_PROTOTYPES = YES;
				CLANG_WARN_SUSPICIOUS_MOVE = YES;
				CLANG_WARN_UNGUARDED_AVAILABILITY = YES_AGGRESSIVE;
				CLANG_WARN_UNREACHABLE_CODE = YES;
				CLANG_WARN__DUPLICATE_METHOD_MATCH = YES;
				COPY_PHASE_STRIP = NO;
				DEBUG_INFORMATION_FORMAT = dwarf;
				ENABLE_STRICT_OBJC_MSGSEND = YES;
				ENABLE_TESTABILITY = YES;
				GCC_C_LANGUAGE_STANDARD = gnu11;
				GCC_DYNAMIC_NO_PIC = NO;
				GCC_NO_COMMON_BLOCKS = YES;
				GCC_OPTIMIZATION_LEVEL = 0;
				GCC_PREPROCESSOR_DEFINITIONS = (
					"DEBUG=1",
					"$(inherited)",
				);
				GCC_WARN_64_TO_32_BIT_CONVERSION = YES;
				GCC_WARN_ABOUT_RETURN_TYPE = YES_ERROR;
				GCC_WARN_UNDECLARED_SELECTOR = YES;
				GCC_WARN_UNINITIALIZED_AUTOS = YES_AGGRESSIVE;
				GCC_WARN_UNUSED_FUNCTION = YES;
				GCC_WARN_UNUSED_VARIABLE = YES;
				IPHONEOS_DEPLOYMENT_TARGET = 15.2;
				MTL_ENABLE_DEBUG_INFO = INCLUDE_SOURCE;
				MTL_FAST_MATH = YES;
				ONLY_ACTIVE_ARCH = YES;
				SDKROOT = iphoneos;
				SWIFT_ACTIVE_COMPILATION_CONDITIONS = DEBUG;
				SWIFT_OPTIMIZATION_LEVEL = "-Onone";
			};
			name = Debug;
		};
		D3AEB5B627FF64750007ED6A /* Release */ = {
			isa = XCBuildConfiguration;
			buildSettings = {
				ALWAYS_SEARCH_USER_PATHS = NO;
				CLANG_ANALYZER_NONNULL = YES;
				CLANG_ANALYZER_NUMBER_OBJECT_CONVERSION = YES_AGGRESSIVE;
				CLANG_CXX_LANGUAGE_STANDARD = "gnu++17";
				CLANG_CXX_LIBRARY = "libc++";
				CLANG_ENABLE_MODULES = YES;
				CLANG_ENABLE_OBJC_ARC = YES;
				CLANG_ENABLE_OBJC_WEAK = YES;
				CLANG_WARN_BLOCK_CAPTURE_AUTORELEASING = YES;
				CLANG_WARN_BOOL_CONVERSION = YES;
				CLANG_WARN_COMMA = YES;
				CLANG_WARN_CONSTANT_CONVERSION = YES;
				CLANG_WARN_DEPRECATED_OBJC_IMPLEMENTATIONS = YES;
				CLANG_WARN_DIRECT_OBJC_ISA_USAGE = YES_ERROR;
				CLANG_WARN_DOCUMENTATION_COMMENTS = YES;
				CLANG_WARN_EMPTY_BODY = YES;
				CLANG_WARN_ENUM_CONVERSION = YES;
				CLANG_WARN_INFINITE_RECURSION = YES;
				CLANG_WARN_INT_CONVERSION = YES;
				CLANG_WARN_NON_LITERAL_NULL_CONVERSION = YES;
				CLANG_WARN_OBJC_IMPLICIT_RETAIN_SELF = YES;
				CLANG_WARN_OBJC_LITERAL_CONVERSION = YES;
				CLANG_WARN_OBJC_ROOT_CLASS = YES_ERROR;
				CLANG_WARN_QUOTED_INCLUDE_IN_FRAMEWORK_HEADER = YES;
				CLANG_WARN_RANGE_LOOP_ANALYSIS = YES;
				CLANG_WARN_STRICT_PROTOTYPES = YES;
				CLANG_WARN_SUSPICIOUS_MOVE = YES;
				CLANG_WARN_UNGUARDED_AVAILABILITY = YES_AGGRESSIVE;
				CLANG_WARN_UNREACHABLE_CODE = YES;
				CLANG_WARN__DUPLICATE_METHOD_MATCH = YES;
				COPY_PHASE_STRIP = NO;
				DEBUG_INFORMATION_FORMAT = "dwarf-with-dsym";
				ENABLE_NS_ASSERTIONS = NO;
				ENABLE_STRICT_OBJC_MSGSEND = YES;
				GCC_C_LANGUAGE_STANDARD = gnu11;
				GCC_NO_COMMON_BLOCKS = YES;
				GCC_WARN_64_TO_32_BIT_CONVERSION = YES;
				GCC_WARN_ABOUT_RETURN_TYPE = YES_ERROR;
				GCC_WARN_UNDECLARED_SELECTOR = YES;
				GCC_WARN_UNINITIALIZED_AUTOS = YES_AGGRESSIVE;
				GCC_WARN_UNUSED_FUNCTION = YES;
				GCC_WARN_UNUSED_VARIABLE = YES;
				IPHONEOS_DEPLOYMENT_TARGET = 15.2;
				MTL_ENABLE_DEBUG_INFO = NO;
				MTL_FAST_MATH = YES;
				SDKROOT = iphoneos;
				SWIFT_COMPILATION_MODE = wholemodule;
				SWIFT_OPTIMIZATION_LEVEL = "-O";
				VALIDATE_PRODUCT = YES;
			};
			name = Release;
		};
		D3AEB5B827FF64750007ED6A /* Debug */ = {
			isa = XCBuildConfiguration;
			buildSettings = {
				ASSETCATALOG_COMPILER_APPICON_NAME = AppIcon;
				ASSETCATALOG_COMPILER_GLOBAL_ACCENT_COLOR_NAME = AccentColor;
				CODE_SIGN_STYLE = Automatic;
				CURRENT_PROJECT_VERSION = 1;
				GENERATE_INFOPLIST_FILE = YES;
				INFOPLIST_FILE = ToDoApp/Info.plist;
				INFOPLIST_KEY_UIApplicationSupportsIndirectInputEvents = YES;
				INFOPLIST_KEY_UILaunchStoryboardName = LaunchScreen;
				INFOPLIST_KEY_UISupportedInterfaceOrientations = UIInterfaceOrientationPortrait;
				INFOPLIST_KEY_UISupportedInterfaceOrientations_iPad = "UIInterfaceOrientationPortrait UIInterfaceOrientationPortraitUpsideDown UIInterfaceOrientationLandscapeLeft UIInterfaceOrientationLandscapeRight";
				INFOPLIST_KEY_UISupportedInterfaceOrientations_iPhone = "UIInterfaceOrientationPortrait UIInterfaceOrientationLandscapeLeft UIInterfaceOrientationLandscapeRight";
				LD_RUNPATH_SEARCH_PATHS = (
					"$(inherited)",
					"@executable_path/Frameworks",
				);
				MARKETING_VERSION = 1.0;
				PRODUCT_BUNDLE_IDENTIFIER = com.todoApp.TodoApp;
				PRODUCT_NAME = "$(TARGET_NAME)";
				SWIFT_EMIT_LOC_STRINGS = YES;
				SWIFT_VERSION = 5.0;
				TARGETED_DEVICE_FAMILY = 1;
			};
			name = Debug;
		};
		D3AEB5B927FF64750007ED6A /* Release */ = {
			isa = XCBuildConfiguration;
			buildSettings = {
				ASSETCATALOG_COMPILER_APPICON_NAME = AppIcon;
				ASSETCATALOG_COMPILER_GLOBAL_ACCENT_COLOR_NAME = AccentColor;
				CODE_SIGN_STYLE = Automatic;
				CURRENT_PROJECT_VERSION = 1;
				GENERATE_INFOPLIST_FILE = YES;
				INFOPLIST_FILE = ToDoApp/Info.plist;
				INFOPLIST_KEY_UIApplicationSupportsIndirectInputEvents = YES;
				INFOPLIST_KEY_UILaunchStoryboardName = LaunchScreen;
				INFOPLIST_KEY_UISupportedInterfaceOrientations = UIInterfaceOrientationPortrait;
				INFOPLIST_KEY_UISupportedInterfaceOrientations_iPad = "UIInterfaceOrientationPortrait UIInterfaceOrientationPortraitUpsideDown UIInterfaceOrientationLandscapeLeft UIInterfaceOrientationLandscapeRight";
				INFOPLIST_KEY_UISupportedInterfaceOrientations_iPhone = "UIInterfaceOrientationPortrait UIInterfaceOrientationLandscapeLeft UIInterfaceOrientationLandscapeRight";
				LD_RUNPATH_SEARCH_PATHS = (
					"$(inherited)",
					"@executable_path/Frameworks",
				);
				MARKETING_VERSION = 1.0;
				PRODUCT_BUNDLE_IDENTIFIER = com.todoApp.TodoApp;
				PRODUCT_NAME = "$(TARGET_NAME)";
				SWIFT_EMIT_LOC_STRINGS = YES;
				SWIFT_VERSION = 5.0;
				TARGETED_DEVICE_FAMILY = 1;
			};
			name = Release;
		};
		D3AEB5BB27FF64750007ED6A /* Debug */ = {
			isa = XCBuildConfiguration;
			buildSettings = {
				ALWAYS_EMBED_SWIFT_STANDARD_LIBRARIES = YES;
				BUNDLE_LOADER = "$(TEST_HOST)";
				CLANG_ENABLE_MODULES = YES;
				CODE_SIGN_STYLE = Automatic;
				CURRENT_PROJECT_VERSION = 1;
				GENERATE_INFOPLIST_FILE = YES;
				IPHONEOS_DEPLOYMENT_TARGET = 15.2;
				LD_RUNPATH_SEARCH_PATHS = (
					"$(inherited)",
					"@executable_path/Frameworks",
					"@loader_path/Frameworks",
				);
				MARKETING_VERSION = 1.0;
				PRODUCT_BUNDLE_IDENTIFIER = TD.ToDoAppTests;
				PRODUCT_NAME = "$(TARGET_NAME)";
				SWIFT_EMIT_LOC_STRINGS = NO;
				SWIFT_OBJC_BRIDGING_HEADER = "ToDoAppTests/ToDoAppTests-Bridging-Header.h";
				SWIFT_OPTIMIZATION_LEVEL = "-Onone";
				SWIFT_VERSION = 5.0;
				TARGETED_DEVICE_FAMILY = "1,2";
				TEST_HOST = "$(BUILT_PRODUCTS_DIR)/ToDoApp.app/ToDoApp";
			};
			name = Debug;
		};
		D3AEB5BC27FF64750007ED6A /* Release */ = {
			isa = XCBuildConfiguration;
			buildSettings = {
				ALWAYS_EMBED_SWIFT_STANDARD_LIBRARIES = YES;
				BUNDLE_LOADER = "$(TEST_HOST)";
				CLANG_ENABLE_MODULES = YES;
				CODE_SIGN_STYLE = Automatic;
				CURRENT_PROJECT_VERSION = 1;
				GENERATE_INFOPLIST_FILE = YES;
				IPHONEOS_DEPLOYMENT_TARGET = 15.2;
				LD_RUNPATH_SEARCH_PATHS = (
					"$(inherited)",
					"@executable_path/Frameworks",
					"@loader_path/Frameworks",
				);
				MARKETING_VERSION = 1.0;
				PRODUCT_BUNDLE_IDENTIFIER = TD.ToDoAppTests;
				PRODUCT_NAME = "$(TARGET_NAME)";
				SWIFT_EMIT_LOC_STRINGS = NO;
				SWIFT_OBJC_BRIDGING_HEADER = "ToDoAppTests/ToDoAppTests-Bridging-Header.h";
				SWIFT_VERSION = 5.0;
				TARGETED_DEVICE_FAMILY = "1,2";
				TEST_HOST = "$(BUILT_PRODUCTS_DIR)/ToDoApp.app/ToDoApp";
			};
			name = Release;
		};
		D3AEB5BE27FF64750007ED6A /* Debug */ = {
			isa = XCBuildConfiguration;
			buildSettings = {
				ALWAYS_EMBED_SWIFT_STANDARD_LIBRARIES = YES;
				CODE_SIGN_STYLE = Automatic;
				CURRENT_PROJECT_VERSION = 1;
				GENERATE_INFOPLIST_FILE = YES;
				MARKETING_VERSION = 1.0;
				PRODUCT_BUNDLE_IDENTIFIER = TD.ToDoAppUITests;
				PRODUCT_NAME = "$(TARGET_NAME)";
				SWIFT_EMIT_LOC_STRINGS = NO;
				SWIFT_VERSION = 5.0;
				TARGETED_DEVICE_FAMILY = "1,2";
				TEST_TARGET_NAME = ToDoApp;
			};
			name = Debug;
		};
		D3AEB5BF27FF64750007ED6A /* Release */ = {
			isa = XCBuildConfiguration;
			buildSettings = {
				ALWAYS_EMBED_SWIFT_STANDARD_LIBRARIES = YES;
				CODE_SIGN_STYLE = Automatic;
				CURRENT_PROJECT_VERSION = 1;
				GENERATE_INFOPLIST_FILE = YES;
				MARKETING_VERSION = 1.0;
				PRODUCT_BUNDLE_IDENTIFIER = TD.ToDoAppUITests;
				PRODUCT_NAME = "$(TARGET_NAME)";
				SWIFT_EMIT_LOC_STRINGS = NO;
				SWIFT_VERSION = 5.0;
				TARGETED_DEVICE_FAMILY = "1,2";
				TEST_TARGET_NAME = ToDoApp;
			};
			name = Release;
		};
/* End XCBuildConfiguration section */

/* Begin XCConfigurationList section */
		D3AEB58827FF64710007ED6A /* Build configuration list for PBXProject "ToDoApp" */ = {
			isa = XCConfigurationList;
			buildConfigurations = (
				D3AEB5B527FF64750007ED6A /* Debug */,
				D3AEB5B627FF64750007ED6A /* Release */,
			);
			defaultConfigurationIsVisible = 0;
			defaultConfigurationName = Release;
		};
		D3AEB5B727FF64750007ED6A /* Build configuration list for PBXNativeTarget "ToDoApp" */ = {
			isa = XCConfigurationList;
			buildConfigurations = (
				D3AEB5B827FF64750007ED6A /* Debug */,
				D3AEB5B927FF64750007ED6A /* Release */,
			);
			defaultConfigurationIsVisible = 0;
			defaultConfigurationName = Release;
		};
		D3AEB5BA27FF64750007ED6A /* Build configuration list for PBXNativeTarget "ToDoAppTests" */ = {
			isa = XCConfigurationList;
			buildConfigurations = (
				D3AEB5BB27FF64750007ED6A /* Debug */,
				D3AEB5BC27FF64750007ED6A /* Release */,
			);
			defaultConfigurationIsVisible = 0;
			defaultConfigurationName = Release;
		};
		D3AEB5BD27FF64750007ED6A /* Build configuration list for PBXNativeTarget "ToDoAppUITests" */ = {
			isa = XCConfigurationList;
			buildConfigurations = (
				D3AEB5BE27FF64750007ED6A /* Debug */,
				D3AEB5BF27FF64750007ED6A /* Release */,
			);
			defaultConfigurationIsVisible = 0;
			defaultConfigurationName = Release;
		};
/* End XCConfigurationList section */

/* Begin XCRemoteSwiftPackageReference section */
		D372950A283AB78300D1F663 /* XCRemoteSwiftPackageReference "realm-swift" */ = {
			isa = XCRemoteSwiftPackageReference;
			repositoryURL = "https://github.com/realm/realm-swift.git";
			requirement = {
				branch = master;
				kind = branch;
			};
		};
		D372950F283AB8A900D1F663 /* XCRemoteSwiftPackageReference "firebase-ios-sdk" */ = {
			isa = XCRemoteSwiftPackageReference;
			repositoryURL = "https://github.com/firebase/firebase-ios-sdk.git";
			requirement = {
				kind = upToNextMajorVersion;
				minimumVersion = 9.0.0;
			};
		};
/* End XCRemoteSwiftPackageReference section */

/* Begin XCSwiftPackageProductDependency section */
		D372950B283AB78300D1F663 /* Realm */ = {
			isa = XCSwiftPackageProductDependency;
			package = D372950A283AB78300D1F663 /* XCRemoteSwiftPackageReference "realm-swift" */;
			productName = Realm;
		};
		D372950D283AB78300D1F663 /* RealmSwift */ = {
			isa = XCSwiftPackageProductDependency;
			package = D372950A283AB78300D1F663 /* XCRemoteSwiftPackageReference "realm-swift" */;
			productName = RealmSwift;
		};
		D3729510283AB8AA00D1F663 /* FirebaseDatabase */ = {
			isa = XCSwiftPackageProductDependency;
			package = D372950F283AB8A900D1F663 /* XCRemoteSwiftPackageReference "firebase-ios-sdk" */;
			productName = FirebaseDatabase;
		};
		D3729512283AB8AA00D1F663 /* FirebaseDatabaseSwift */ = {
			isa = XCSwiftPackageProductDependency;
			package = D372950F283AB8A900D1F663 /* XCRemoteSwiftPackageReference "firebase-ios-sdk" */;
			productName = FirebaseDatabaseSwift;
		};
		D3729514283AB8AA00D1F663 /* FirebaseFirestore */ = {
			isa = XCSwiftPackageProductDependency;
			package = D372950F283AB8A900D1F663 /* XCRemoteSwiftPackageReference "firebase-ios-sdk" */;
			productName = FirebaseFirestore;
		};
		D3729516283AB8AA00D1F663 /* FirebaseFirestoreCombine-Community */ = {
			isa = XCSwiftPackageProductDependency;
			package = D372950F283AB8A900D1F663 /* XCRemoteSwiftPackageReference "firebase-ios-sdk" */;
			productName = "FirebaseFirestoreCombine-Community";
		};
		D3729518283AB8AA00D1F663 /* FirebaseFirestoreSwift */ = {
			isa = XCSwiftPackageProductDependency;
			package = D372950F283AB8A900D1F663 /* XCRemoteSwiftPackageReference "firebase-ios-sdk" */;
			productName = FirebaseFirestoreSwift;
		};
		D372951A283AB8AA00D1F663 /* FirebaseRemoteConfig */ = {
			isa = XCSwiftPackageProductDependency;
			package = D372950F283AB8A900D1F663 /* XCRemoteSwiftPackageReference "firebase-ios-sdk" */;
			productName = FirebaseRemoteConfig;
		};
		D372951C283AB8AA00D1F663 /* FirebaseRemoteConfigSwift */ = {
			isa = XCSwiftPackageProductDependency;
			package = D372950F283AB8A900D1F663 /* XCRemoteSwiftPackageReference "firebase-ios-sdk" */;
			productName = FirebaseRemoteConfigSwift;
		};
/* End XCSwiftPackageProductDependency section */
	};
	rootObject = D3AEB58527FF64710007ED6A /* Project object */;
}
